
Microsoft Visual Studio Solution File, Format Version 12.00
# Visual Studio Version 17
VisualStudioVersion = 17.6.33723.286
MinimumVisualStudioVersion = 10.0.40219.1
Project("{FAE04EC0-301F-11D3-BF4B-00C04F79EFBC}") = "AuthServer.Web", "AuthServer.Web\AuthServer.Web.csproj", "{DF79AE17-757D-45AD-BAB7-F66DFF634855}"
EndProject
Project("{E53339B2-1760-4266-BCC7-CA923CBCF16C}") = "docker-compose", "docker-compose.dcproj", "{ADF06EBB-CEFC-44DC-AD71-1A554A06FD00}"
EndProject
Project("{FAE04EC0-301F-11D3-BF4B-00C04F79EFBC}") = "AuthServer.Domain", "AuthServer.Domain\AuthServer.Domain.csproj", "{85726403-0CC6-4FF4-A5C8-74AD6064D446}"
EndProject
Global
	GlobalSection(SolutionConfigurationPlatforms) = preSolution
		Debug|Any CPU = Debug|Any CPU
		Release|Any CPU = Release|Any CPU
	EndGlobalSection
	GlobalSection(ProjectConfigurationPlatforms) = postSolution
		{DF79AE17-757D-45AD-BAB7-F66DFF634855}.Debug|Any CPU.ActiveCfg = Debug|Any CPU
		{DF79AE17-757D-45AD-BAB7-F66DFF634855}.Debug|Any CPU.Build.0 = Debug|Any CPU
		{DF79AE17-757D-45AD-BAB7-F66DFF634855}.Release|Any CPU.ActiveCfg = Release|Any CPU
		{DF79AE17-757D-45AD-BAB7-F66DFF634855}.Release|Any CPU.Build.0 = Release|Any CPU
		{ADF06EBB-CEFC-44DC-AD71-1A554A06FD00}.Debug|Any CPU.ActiveCfg = Debug|Any CPU
		{ADF06EBB-CEFC-44DC-AD71-1A554A06FD00}.Debug|Any CPU.Build.0 = Debug|Any CPU
		{ADF06EBB-CEFC-44DC-AD71-1A554A06FD00}.Release|Any CPU.ActiveCfg = Release|Any CPU
		{ADF06EBB-CEFC-44DC-AD71-1A554A06FD00}.Release|Any CPU.Build.0 = Release|Any CPU
		{85726403-0CC6-4FF4-A5C8-74AD6064D446}.Debug|Any CPU.ActiveCfg = Debug|Any CPU
		{85726403-0CC6-4FF4-A5C8-74AD6064D446}.Debug|Any CPU.Build.0 = Debug|Any CPU
		{85726403-0CC6-4FF4-A5C8-74AD6064D446}.Release|Any CPU.ActiveCfg = Release|Any CPU
		{85726403-0CC6-4FF4-A5C8-74AD6064D446}.Release|Any CPU.Build.0 = Release|Any CPU
	EndGlobalSection
	GlobalSection(SolutionProperties) = preSolution
		HideSolutionNode = FALSE
	EndGlobalSection
	GlobalSection(ExtensibilityGlobals) = postSolution
		SolutionGuid = {CB778BF5-56B1-4A7B-9C46-54AFADE76238}
	EndGlobalSection
EndGlobal
